{
  "requires": true,
  "lockfileVersion": 1,
  "dependencies": {
    "angularjs-slider": {
      "version": "7.0.0",
      "resolved": "https://registry.npmjs.org/angularjs-slider/-/angularjs-slider-7.0.0.tgz",
      "integrity": "sha512-qNWPARWEktSthHj0/SAMVhy+3AIRnyVCXRK58gXT+3uRORXu/3QJ2L9MjCZvA9yeZxFceEYMOrtK8sSsTKobUw=="
    }
  }
}
